// !$*UTF8*$!
{
	archiveVersion = 1;
	classes = {
	};
	objectVersion = 46;
	objects = {

/* Begin PBXBuildFile section */
		350D7CBD1F21A6D500CE352D /* main.m in Sources */ = {isa = PBXBuildFile; fileRef = 350D7CBC1F21A6D500CE352D /* main.m */; };
		350D7CC01F21A6D500CE352D /* AppDelegate.m in Sources */ = {isa = PBXBuildFile; fileRef = 350D7CBF1F21A6D500CE352D /* AppDelegate.m */; };
		350D7CC31F21A6D500CE352D /* WPFViewController.m in Sources */ = {isa = PBXBuildFile; fileRef = 350D7CC21F21A6D500CE352D /* WPFViewController.m */; };
		350D7CC81F21A6D500CE352D /* Assets.xcassets in Resources */ = {isa = PBXBuildFile; fileRef = 350D7CC71F21A6D500CE352D /* Assets.xcassets */; };
		350D7CCB1F21A6D600CE352D /* LaunchScreen.storyboard in Resources */ = {isa = PBXBuildFile; fileRef = 350D7CC91F21A6D500CE352D /* LaunchScreen.storyboard */; };
		350D7CD61F21A6D600CE352D /* WPFMenuControllerDemoTests.m in Sources */ = {isa = PBXBuildFile; fileRef = 350D7CD51F21A6D600CE352D /* WPFMenuControllerDemoTests.m */; };
		350D7CE11F21A6D600CE352D /* WPFMenuControllerDemoUITests.m in Sources */ = {isa = PBXBuildFile; fileRef = 350D7CE01F21A6D600CE352D /* WPFMenuControllerDemoUITests.m */; };
		350D7CFD1F21B39A00CE352D /* WPFMessage.m in Sources */ = {isa = PBXBuildFile; fileRef = 350D7CFC1F21B39A00CE352D /* WPFMessage.m */; };
		350D7D001F21CC3D00CE352D /* WPFTableView.m in Sources */ = {isa = PBXBuildFile; fileRef = 350D7CFF1F21CC3D00CE352D /* WPFTableView.m */; };
		350D7D031F21D19D00CE352D /* WPFBaseTableViewCell.m in Sources */ = {isa = PBXBuildFile; fileRef = 350D7D021F21D19D00CE352D /* WPFBaseTableViewCell.m */; };
		350D7D071F21D3F200CE352D /* WPFMenuView.m in Sources */ = {isa = PBXBuildFile; fileRef = 350D7D061F21D3F200CE352D /* WPFMenuView.m */; };
		350D7D0A1F21D6AA00CE352D /* WPFTextTableViewCell.m in Sources */ = {isa = PBXBuildFile; fileRef = 350D7D091F21D6AA00CE352D /* WPFTextTableViewCell.m */; };
		CA20A03F9B0D2B0F6D1B7C63 /* Pods_WPFMenuControllerDemo.framework in Frameworks */ = {isa = PBXBuildFile; fileRef = 3041A9F1A0AAAD5511D1E7F1 /* Pods_WPFMenuControllerDemo.framework */; };
/* End PBXBuildFile section */

/* Begin PBXContainerItemProxy section */
		350D7CD21F21A6D600CE352D /* PBXContainerItemProxy */ = {
			isa = PBXContainerItemProxy;
			containerPortal = 350D7CB01F21A6D500CE352D /* Project object */;
			proxyType = 1;
			remoteGlobalIDString = 350D7CB71F21A6D500CE352D;
			remoteInfo = WPFMenuControllerDemo;
		};
		350D7CDD1F21A6D600CE352D /* PBXContainerItemProxy */ = {
			isa = PBXContainerItemProxy;
			containerPortal = 350D7CB01F21A6D500CE352D /* Project object */;
			proxyType = 1;
			remoteGlobalIDString = 350D7CB71F21A6D500CE352D;
			remoteInfo = WPFMenuControllerDemo;
		};
/* End PBXContainerItemProxy section */

/* Begin PBXFileReference section */
		3041A9F1A0AAAD5511D1E7F1 /* Pods_WPFMenuControllerDemo.framework */ = {isa = PBXFileReference; explicitFileType = wrapper.framework; includeInIndex = 0; path = Pods_WPFMenuControllerDemo.framework; sourceTree = BUILT_PRODUCTS_DIR; };
		350D7CB81F21A6D500CE352D /* WPFMenuControllerDemo.app */ = {isa = PBXFileReference; explicitFileType = wrapper.application; includeInIndex = 0; path = WPFMenuControllerDemo.app; sourceTree = BUILT_PRODUCTS_DIR; };
		350D7CBC1F21A6D500CE352D /* main.m */ = {isa = PBXFileReference; lastKnownFileType = sourcecode.c.objc; path = main.m; sourceTree = "<group>"; };
		350D7CBE1F21A6D500CE352D /* AppDelegate.h */ = {isa = PBXFileReference; lastKnownFileType = sourcecode.c.h; path = AppDelegate.h; sourceTree = "<group>"; };
		350D7CBF1F21A6D500CE352D /* AppDelegate.m */ = {isa = PBXFileReference; lastKnownFileType = sourcecode.c.objc; path = AppDelegate.m; sourceTree = "<group>"; };
		350D7CC11F21A6D500CE352D /* WPFViewController.h */ = {isa = PBXFileReference; lastKnownFileType = sourcecode.c.h; path = WPFViewController.h; sourceTree = "<group>"; };
		350D7CC21F21A6D500CE352D /* WPFViewController.m */ = {isa = PBXFileReference; lastKnownFileType = sourcecode.c.objc; path = WPFViewController.m; sourceTree = "<group>"; };
		350D7CC71F21A6D500CE352D /* Assets.xcassets */ = {isa = PBXFileReference; lastKnownFileType = folder.assetcatalog; path = Assets.xcassets; sourceTree = "<group>"; };
		350D7CCA1F21A6D600CE352D /* Base */ = {isa = PBXFileReference; lastKnownFileType = file.storyboard; name = Base; path = Base.lproj/LaunchScreen.storyboard; sourceTree = "<group>"; };
		350D7CCC1F21A6D600CE352D /* Info.plist */ = {isa = PBXFileReference; lastKnownFileType = text.plist.xml; path = Info.plist; sourceTree = "<group>"; };
		350D7CD11F21A6D600CE352D /* WPFMenuControllerDemoTests.xctest */ = {isa = PBXFileReference; explicitFileType = wrapper.cfbundle; includeInIndex = 0; path = WPFMenuControllerDemoTests.xctest; sourceTree = BUILT_PRODUCTS_DIR; };
		350D7CD51F21A6D600CE352D /* WPFMenuControllerDemoTests.m */ = {isa = PBXFileReference; lastKnownFileType = sourcecode.c.objc; path = WPFMenuControllerDemoTests.m; sourceTree = "<group>"; };
		350D7CD71F21A6D600CE352D /* Info.plist */ = {isa = PBXFileReference; lastKnownFileType = text.plist.xml; path = Info.plist; sourceTree = "<group>"; };
		350D7CDC1F21A6D600CE352D /* WPFMenuControllerDemoUITests.xctest */ = {isa = PBXFileReference; explicitFileType = wrapper.cfbundle; includeInIndex = 0; path = WPFMenuControllerDemoUITests.xctest; sourceTree = BUILT_PRODUCTS_DIR; };
		350D7CE01F21A6D600CE352D /* WPFMenuControllerDemoUITests.m */ = {isa = PBXFileReference; lastKnownFileType = sourcecode.c.objc; path = WPFMenuControllerDemoUITests.m; sourceTree = "<group>"; };
		350D7CE21F21A6D600CE352D /* Info.plist */ = {isa = PBXFileReference; lastKnownFileType = text.plist.xml; path = Info.plist; sourceTree = "<group>"; };
		350D7CFB1F21B39A00CE352D /* WPFMessage.h */ = {isa = PBXFileReference; fileEncoding = 4; lastKnownFileType = sourcecode.c.h; path = WPFMessage.h; sourceTree = "<group>"; };
		350D7CFC1F21B39A00CE352D /* WPFMessage.m */ = {isa = PBXFileReference; fileEncoding = 4; lastKnownFileType = sourcecode.c.objc; path = WPFMessage.m; sourceTree = "<group>"; };
		350D7CFE1F21CC3D00CE352D /* WPFTableView.h */ = {isa = PBXFileReference; fileEncoding = 4; lastKnownFileType = sourcecode.c.h; path = WPFTableView.h; sourceTree = "<group>"; };
		350D7CFF1F21CC3D00CE352D /* WPFTableView.m */ = {isa = PBXFileReference; fileEncoding = 4; lastKnownFileType = sourcecode.c.objc; path = WPFTableView.m; sourceTree = "<group>"; };
		350D7D011F21D19D00CE352D /* WPFBaseTableViewCell.h */ = {isa = PBXFileReference; fileEncoding = 4; lastKnownFileType = sourcecode.c.h; path = WPFBaseTableViewCell.h; sourceTree = "<group>"; };
		350D7D021F21D19D00CE352D /* WPFBaseTableViewCell.m */ = {isa = PBXFileReference; fileEncoding = 4; lastKnownFileType = sourcecode.c.objc; path = WPFBaseTableViewCell.m; sourceTree = "<group>"; };
		350D7D051F21D3F200CE352D /* WPFMenuView.h */ = {isa = PBXFileReference; fileEncoding = 4; lastKnownFileType = sourcecode.c.h; path = WPFMenuView.h; sourceTree = "<group>"; };
		350D7D061F21D3F200CE352D /* WPFMenuView.m */ = {isa = PBXFileReference; fileEncoding = 4; lastKnownFileType = sourcecode.c.objc; path = WPFMenuView.m; sourceTree = "<group>"; };
		350D7D081F21D6AA00CE352D /* WPFTextTableViewCell.h */ = {isa = PBXFileReference; fileEncoding = 4; lastKnownFileType = sourcecode.c.h; path = WPFTextTableViewCell.h; sourceTree = "<group>"; };
		350D7D091F21D6AA00CE352D /* WPFTextTableViewCell.m */ = {isa = PBXFileReference; fileEncoding = 4; lastKnownFileType = sourcecode.c.objc; path = WPFTextTableViewCell.m; sourceTree = "<group>"; };
		4BF348EA08CB39F0F0AEEE34 /* Pods-WPFMenuControllerDemo.debug.xcconfig */ = {isa = PBXFileReference; includeInIndex = 1; lastKnownFileType = text.xcconfig; name = "Pods-WPFMenuControllerDemo.debug.xcconfig"; path = "Pods/Target Support Files/Pods-WPFMenuControllerDemo/Pods-WPFMenuControllerDemo.debug.xcconfig"; sourceTree = "<group>"; };
		D6465403F5D0A2D96E7FAD2D /* Pods-WPFMenuControllerDemo.release.xcconfig */ = {isa = PBXFileReference; includeInIndex = 1; lastKnownFileType = text.xcconfig; name = "Pods-WPFMenuControllerDemo.release.xcconfig"; path = "Pods/Target Support Files/Pods-WPFMenuControllerDemo/Pods-WPFMenuControllerDemo.release.xcconfig"; sourceTree = "<group>"; };
/* End PBXFileReference section */

/* Begin PBXFrameworksBuildPhase section */
		350D7CB51F21A6D500CE352D /* Frameworks */ = {
			isa = PBXFrameworksBuildPhase;
			buildActionMask = 2147483647;
			files = (
				CA20A03F9B0D2B0F6D1B7C63 /* Pods_WPFMenuControllerDemo.framework in Frameworks */,
			);
			runOnlyForDeploymentPostprocessing = 0;
		};
		350D7CCE1F21A6D600CE352D /* Frameworks */ = {
			isa = PBXFrameworksBuildPhase;
			buildActionMask = 2147483647;
			files = (
			);
			runOnlyForDeploymentPostprocessing = 0;
		};
		350D7CD91F21A6D600CE352D /* Frameworks */ = {
			isa = PBXFrameworksBuildPhase;
			buildActionMask = 2147483647;
			files = (
			);
			runOnlyForDeploymentPostprocessing = 0;
		};
/* End PBXFrameworksBuildPhase section */

/* Begin PBXGroup section */
		13021329A1E40816853FA270 /* Frameworks */ = {
			isa = PBXGroup;
			children = (
				3041A9F1A0AAAD5511D1E7F1 /* Pods_WPFMenuControllerDemo.framework */,
			);
			name = Frameworks;
			sourceTree = "<group>";
		};
		350D7CAF1F21A6D500CE352D = {
			isa = PBXGroup;
			children = (
				350D7CBA1F21A6D500CE352D /* WPFMenuControllerDemo */,
				350D7CD41F21A6D600CE352D /* WPFMenuControllerDemoTests */,
				350D7CDF1F21A6D600CE352D /* WPFMenuControllerDemoUITests */,
				350D7CB91F21A6D500CE352D /* Products */,
				DBF9A44FF6FEBC797631ACB8 /* Pods */,
				13021329A1E40816853FA270 /* Frameworks */,
			);
			sourceTree = "<group>";
		};
		350D7CB91F21A6D500CE352D /* Products */ = {
			isa = PBXGroup;
			children = (
				350D7CB81F21A6D500CE352D /* WPFMenuControllerDemo.app */,
				350D7CD11F21A6D600CE352D /* WPFMenuControllerDemoTests.xctest */,
				350D7CDC1F21A6D600CE352D /* WPFMenuControllerDemoUITests.xctest */,
			);
			name = Products;
			sourceTree = "<group>";
		};
		350D7CBA1F21A6D500CE352D /* WPFMenuControllerDemo */ = {
			isa = PBXGroup;
			children = (
				350D7D041F21D1D100CE352D /* CustormMenuController */,
				350D7CEE1F21A8AB00CE352D /* SimpleDemo */,
				350D7CBE1F21A6D500CE352D /* AppDelegate.h */,
				350D7CBF1F21A6D500CE352D /* AppDelegate.m */,
				350D7CC11F21A6D500CE352D /* WPFViewController.h */,
				350D7CC21F21A6D500CE352D /* WPFViewController.m */,
				350D7CC71F21A6D500CE352D /* Assets.xcassets */,
				350D7CC91F21A6D500CE352D /* LaunchScreen.storyboard */,
				350D7CCC1F21A6D600CE352D /* Info.plist */,
				350D7CBB1F21A6D500CE352D /* Supporting Files */,
			);
			path = WPFMenuControllerDemo;
			sourceTree = "<group>";
		};
		350D7CBB1F21A6D500CE352D /* Supporting Files */ = {
			isa = PBXGroup;
			children = (
				350D7CBC1F21A6D500CE352D /* main.m */,
			);
			name = "Supporting Files";
			sourceTree = "<group>";
		};
		350D7CD41F21A6D600CE352D /* WPFMenuControllerDemoTests */ = {
			isa = PBXGroup;
			children = (
				350D7CD51F21A6D600CE352D /* WPFMenuControllerDemoTests.m */,
				350D7CD71F21A6D600CE352D /* Info.plist */,
			);
			path = WPFMenuControllerDemoTests;
			sourceTree = "<group>";
		};
		350D7CDF1F21A6D600CE352D /* WPFMenuControllerDemoUITests */ = {
			isa = PBXGroup;
			children = (
				350D7CE01F21A6D600CE352D /* WPFMenuControllerDemoUITests.m */,
				350D7CE21F21A6D600CE352D /* Info.plist */,
			);
			path = WPFMenuControllerDemoUITests;
			sourceTree = "<group>";
		};
		350D7CEE1F21A8AB00CE352D /* SimpleDemo */ = {
			isa = PBXGroup;
			children = (
				350D7CFA1F21B35B00CE352D /* View */,
				350D7CF91F21B34F00CE352D /* Model */,
			);
			name = SimpleDemo;
			sourceTree = "<group>";
		};
		350D7CF91F21B34F00CE352D /* Model */ = {
			isa = PBXGroup;
			children = (
				350D7CFB1F21B39A00CE352D /* WPFMessage.h */,
				350D7CFC1F21B39A00CE352D /* WPFMessage.m */,
			);
			name = Model;
			sourceTree = "<group>";
		};
		350D7CFA1F21B35B00CE352D /* View */ = {
			isa = PBXGroup;
			children = (
				350D7CFE1F21CC3D00CE352D /* WPFTableView.h */,
				350D7CFF1F21CC3D00CE352D /* WPFTableView.m */,
				350D7D011F21D19D00CE352D /* WPFBaseTableViewCell.h */,
				350D7D021F21D19D00CE352D /* WPFBaseTableViewCell.m */,
				350D7D081F21D6AA00CE352D /* WPFTextTableViewCell.h */,
				350D7D091F21D6AA00CE352D /* WPFTextTableViewCell.m */,
			);
			name = View;
			sourceTree = "<group>";
		};
		350D7D041F21D1D100CE352D /* CustormMenuController */ = {
			isa = PBXGroup;
			children = (
				350D7D051F21D3F200CE352D /* WPFMenuView.h */,
				350D7D061F21D3F200CE352D /* WPFMenuView.m */,
			);
			name = CustormMenuController;
			sourceTree = "<group>";
		};
		DBF9A44FF6FEBC797631ACB8 /* Pods */ = {
			isa = PBXGroup;
			children = (
				4BF348EA08CB39F0F0AEEE34 /* Pods-WPFMenuControllerDemo.debug.xcconfig */,
				D6465403F5D0A2D96E7FAD2D /* Pods-WPFMenuControllerDemo.release.xcconfig */,
			);
			name = Pods;
			sourceTree = "<group>";
		};
/* End PBXGroup section */

/* Begin PBXNativeTarget section */
		350D7CB71F21A6D500CE352D /* WPFMenuControllerDemo */ = {
			isa = PBXNativeTarget;
			buildConfigurationList = 350D7CE51F21A6D600CE352D /* Build configuration list for PBXNativeTarget "WPFMenuControllerDemo" */;
			buildPhases = (
				CB9CEF90A78DCF2607FF52FB /* [CP] Check Pods Manifest.lock */,
				350D7CB41F21A6D500CE352D /* Sources */,
				350D7CB51F21A6D500CE352D /* Frameworks */,
				350D7CB61F21A6D500CE352D /* Resources */,
				4F759E1CF4196D9E02E57763 /* [CP] Embed Pods Frameworks */,
				076AA3B768919DE6AB73108D /* [CP] Copy Pods Resources */,
			);
			buildRules = (
			);
			dependencies = (
			);
			name = WPFMenuControllerDemo;
			productName = WPFMenuControllerDemo;
			productReference = 350D7CB81F21A6D500CE352D /* WPFMenuControllerDemo.app */;
			productType = "com.apple.product-type.application";
		};
		350D7CD01F21A6D600CE352D /* WPFMenuControllerDemoTests */ = {
			isa = PBXNativeTarget;
			buildConfigurationList = 350D7CE81F21A6D600CE352D /* Build configuration list for PBXNativeTarget "WPFMenuControllerDemoTests" */;
			buildPhases = (
				350D7CCD1F21A6D600CE352D /* Sources */,
				350D7CCE1F21A6D600CE352D /* Frameworks */,
				350D7CCF1F21A6D600CE352D /* Resources */,
			);
			buildRules = (
			);
			dependencies = (
				350D7CD31F21A6D600CE352D /* PBXTargetDependency */,
			);
			name = WPFMenuControllerDemoTests;
			productName = WPFMenuControllerDemoTests;
			productReference = 350D7CD11F21A6D600CE352D /* WPFMenuControllerDemoTests.xctest */;
			productType = "com.apple.product-type.bundle.unit-test";
		};
		350D7CDB1F21A6D600CE352D /* WPFMenuControllerDemoUITests */ = {
			isa = PBXNativeTarget;
			buildConfigurationList = 350D7CEB1F21A6D600CE352D /* Build configuration list for PBXNativeTarget "WPFMenuControllerDemoUITests" */;
			buildPhases = (
				350D7CD81F21A6D600CE352D /* Sources */,
				350D7CD91F21A6D600CE352D /* Frameworks */,
				350D7CDA1F21A6D600CE352D /* Resources */,
			);
			buildRules = (
			);
			dependencies = (
				350D7CDE1F21A6D600CE352D /* PBXTargetDependency */,
			);
			name = WPFMenuControllerDemoUITests;
			productName = WPFMenuControllerDemoUITests;
			productReference = 350D7CDC1F21A6D600CE352D /* WPFMenuControllerDemoUITests.xctest */;
			productType = "com.apple.product-type.bundle.ui-testing";
		};
/* End PBXNativeTarget section */

/* Begin PBXProject section */
		350D7CB01F21A6D500CE352D /* Project object */ = {
			isa = PBXProject;
			attributes = {
				LastUpgradeCheck = 0830;
				ORGANIZATIONNAME = Leon;
				TargetAttributes = {
					350D7CB71F21A6D500CE352D = {
						CreatedOnToolsVersion = 8.3.1;
						ProvisioningStyle = Automatic;
					};
					350D7CD01F21A6D600CE352D = {
						CreatedOnToolsVersion = 8.3.1;
						ProvisioningStyle = Automatic;
						TestTargetID = 350D7CB71F21A6D500CE352D;
					};
					350D7CDB1F21A6D600CE352D = {
						CreatedOnToolsVersion = 8.3.1;
						ProvisioningStyle = Automatic;
						TestTargetID = 350D7CB71F21A6D500CE352D;
					};
				};
			};
			buildConfigurationList = 350D7CB31F21A6D500CE352D /* Build configuration list for PBXProject "WPFMenuControllerDemo" */;
			compatibilityVersion = "Xcode 3.2";
			developmentRegion = English;
			hasScannedForEncodings = 0;
			knownRegions = (
				en,
				Base,
			);
			mainGroup = 350D7CAF1F21A6D500CE352D;
			productRefGroup = 350D7CB91F21A6D500CE352D /* Products */;
			projectDirPath = "";
			projectRoot = "";
			targets = (
				350D7CB71F21A6D500CE352D /* WPFMenuControllerDemo */,
				350D7CD01F21A6D600CE352D /* WPFMenuControllerDemoTests */,
				350D7CDB1F21A6D600CE352D /* WPFMenuControllerDemoUITests */,
			);
		};
/* End PBXProject section */

/* Begin PBXResourcesBuildPhase section */
		350D7CB61F21A6D500CE352D /* Resources */ = {
			isa = PBXResourcesBuildPhase;
			buildActionMask = 2147483647;
			files = (
				350D7CCB1F21A6D600CE352D /* LaunchScreen.storyboard in Resources */,
				350D7CC81F21A6D500CE352D /* Assets.xcassets in Resources */,
			);
			runOnlyForDeploymentPostprocessing = 0;
		};
		350D7CCF1F21A6D600CE352D /* Resources */ = {
			isa = PBXResourcesBuildPhase;
			buildActionMask = 2147483647;
			files = (
			);
			runOnlyForDeploymentPostprocessing = 0;
		};
		350D7CDA1F21A6D600CE352D /* Resources */ = {
			isa = PBXResourcesBuildPhase;
			buildActionMask = 2147483647;
			files = (
			);
			runOnlyForDeploymentPostprocessing = 0;
		};
/* End PBXResourcesBuildPhase section */

/* Begin PBXShellScriptBuildPhase section */
		076AA3B768919DE6AB73108D /* [CP] Copy Pods Resources */ = {
			isa = PBXShellScriptBuildPhase;
			buildActionMask = 2147483647;
			files = (
			);
			inputPaths = (
			);
			name = "[CP] Copy Pods Resources";
			outputPaths = (
			);
			runOnlyForDeploymentPostprocessing = 0;
			shellPath = /bin/sh;
			shellScript = "\"${SRCROOT}/Pods/Target Support Files/Pods-WPFMenuControllerDemo/Pods-WPFMenuControllerDemo-resources.sh\"\n";
			showEnvVarsInLog = 0;
		};
		4F759E1CF4196D9E02E57763 /* [CP] Embed Pods Frameworks */ = {
			isa = PBXShellScriptBuildPhase;
			buildActionMask = 2147483647;
			files = (
			);
			inputPaths = (
			);
			name = "[CP] Embed Pods Frameworks";
			outputPaths = (
			);
			runOnlyForDeploymentPostprocessing = 0;
			shellPath = /bin/sh;
			shellScript = "\"${SRCROOT}/Pods/Target Support Files/Pods-WPFMenuControllerDemo/Pods-WPFMenuControllerDemo-frameworks.sh\"\n";
			showEnvVarsInLog = 0;
		};
		CB9CEF90A78DCF2607FF52FB /* [CP] Check Pods Manifest.lock */ = {
			isa = PBXShellScriptBuildPhase;
			buildActionMask = 2147483647;
			files = (
			);
			inputPaths = (
			);
			name = "[CP] Check Pods Manifest.lock";
			outputPaths = (
			);
			runOnlyForDeploymentPostprocessing = 0;
			shellPath = /bin/sh;
			shellScript = "diff \"${PODS_ROOT}/../Podfile.lock\" \"${PODS_ROOT}/Manifest.lock\" > /dev/null\nif [ $? != 0 ] ; then\n    # print error to STDERR\n    echo \"error: The sandbox is not in sync with the Podfile.lock. Run 'pod install' or update your CocoaPods installation.\" >&2\n    exit 1\nfi\n";
			showEnvVarsInLog = 0;
		};
/* End PBXShellScriptBuildPhase section */

/* Begin PBXSourcesBuildPhase section */
		350D7CB41F21A6D500CE352D /* Sources */ = {
			isa = PBXSourcesBuildPhase;
			buildActionMask = 2147483647;
			files = (
				350D7CC31F21A6D500CE352D /* WPFViewController.m in Sources */,
				350D7CFD1F21B39A00CE352D /* WPFMessage.m in Sources */,
				350D7D071F21D3F200CE352D /* WPFMenuView.m in Sources */,
				350D7CC01F21A6D500CE352D /* AppDelegate.m in Sources */,
				350D7D031F21D19D00CE352D /* WPFBaseTableViewCell.m in Sources */,
				350D7D0A1F21D6AA00CE352D /* WPFTextTableViewCell.m in Sources */,
				350D7D001F21CC3D00CE352D /* WPFTableView.m in Sources */,
				350D7CBD1F21A6D500CE352D /* main.m in Sources */,
			);
			runOnlyForDeploymentPostprocessing = 0;
		};
		350D7CCD1F21A6D600CE352D /* Sources */ = {
			isa = PBXSourcesBuildPhase;
			buildActionMask = 2147483647;
			files = (
				350D7CD61F21A6D600CE352D /* WPFMenuControllerDemoTests.m in Sources */,
			);
			runOnlyForDeploymentPostprocessing = 0;
		};
		350D7CD81F21A6D600CE352D /* Sources */ = {
			isa = PBXSourcesBuildPhase;
			buildActionMask = 2147483647;
			files = (
				350D7CE11F21A6D600CE352D /* WPFMenuControllerDemoUITests.m in Sources */,
			);
			runOnlyForDeploymentPostprocessing = 0;
		};
/* End PBXSourcesBuildPhase section */

/* Begin PBXTargetDependency section */
		350D7CD31F21A6D600CE352D /* PBXTargetDependency */ = {
			isa = PBXTargetDependency;
			target = 350D7CB71F21A6D500CE352D /* WPFMenuControllerDemo */;
			targetProxy = 350D7CD21F21A6D600CE352D /* PBXContainerItemProxy */;
		};
		350D7CDE1F21A6D600CE352D /* PBXTargetDependency */ = {
			isa = PBXTargetDependency;
			target = 350D7CB71F21A6D500CE352D /* WPFMenuControllerDemo */;
			targetProxy = 350D7CDD1F21A6D600CE352D /* PBXContainerItemProxy */;
		};
/* End PBXTargetDependency section */

/* Begin PBXVariantGroup section */
		350D7CC91F21A6D500CE352D /* LaunchScreen.storyboard */ = {
			isa = PBXVariantGroup;
			children = (
				350D7CCA1F21A6D600CE352D /* Base */,
			);
			name = LaunchScreen.storyboard;
			sourceTree = "<group>";
		};
/* End PBXVariantGroup section */

/* Begin XCBuildConfiguration section */
		350D7CE31F21A6D600CE352D /* Debug */ = {
			isa = XCBuildConfiguration;
			buildSettings = {
				ALWAYS_SEARCH_USER_PATHS = NO;
				CLANG_ANALYZER_NONNULL = YES;
				CLANG_ANALYZER_NUMBER_OBJECT_CONVERSION = YES_AGGRESSIVE;
				CLANG_CXX_LANGUAGE_STANDARD = "gnu++0x";
				CLANG_CXX_LIBRARY = "libc++";
				CLANG_ENABLE_MODULES = YES;
				CLANG_ENABLE_OBJC_ARC = YES;
				CLANG_WARN_BOOL_CONVERSION = YES;
				CLANG_WARN_CONSTANT_CONVERSION = YES;
				CLANG_WARN_DIRECT_OBJC_ISA_USAGE = YES_ERROR;
				CLANG_WARN_DOCUMENTATION_COMMENTS = YES;
				CLANG_WARN_EMPTY_BODY = YES;
				CLANG_WARN_ENUM_CONVERSION = YES;
				CLANG_WARN_INFINITE_RECURSION = YES;
				CLANG_WARN_INT_CONVERSION = YES;
				CLANG_WARN_OBJC_ROOT_CLASS = YES_ERROR;
				CLANG_WARN_SUSPICIOUS_MOVE = YES;
				CLANG_WARN_UNREACHABLE_CODE = YES;
				CLANG_WARN__DUPLICATE_METHOD_MATCH = YES;
				"CODE_SIGN_IDENTITY[sdk=iphoneos*]" = "iPhone Developer";
				COPY_PHASE_STRIP = NO;
				DEBUG_INFORMATION_FORMAT = dwarf;
				ENABLE_STRICT_OBJC_MSGSEND = YES;
				ENABLE_TESTABILITY = YES;
				GCC_C_LANGUAGE_STANDARD = gnu99;
				GCC_DYNAMIC_NO_PIC = NO;
				GCC_NO_COMMON_BLOCKS = YES;
				GCC_OPTIMIZATION_LEVEL = 0;
				GCC_PREPROCESSOR_DEFINITIONS = (
					"DEBUG=1",
					"$(inherited)",
				);
				GCC_WARN_64_TO_32_BIT_CONVERSION = YES;
				GCC_WARN_ABOUT_RETURN_TYPE = YES_ERROR;
				GCC_WARN_UNDECLARED_SELECTOR = YES;
				GCC_WARN_UNINITIALIZED_AUTOS = YES_AGGRESSIVE;
				GCC_WARN_UNUSED_FUNCTION = YES;
				GCC_WARN_UNUSED_VARIABLE = YES;
				IPHONEOS_DEPLOYMENT_TARGET = 10.3;
				MTL_ENABLE_DEBUG_INFO = YES;
				ONLY_ACTIVE_ARCH = YES;
				SDKROOT = iphoneos;
				TARGETED_DEVICE_FAMILY = "1,2";
			};
			name = Debug;
		};
		350D7CE41F21A6D600CE352D /* Release */ = {
			isa = XCBuildConfiguration;
			buildSettings = {
				ALWAYS_SEARCH_USER_PATHS = NO;
				CLANG_ANALYZER_NONNULL = YES;
				CLANG_ANALYZER_NUMBER_OBJECT_CONVERSION = YES_AGGRESSIVE;
				CLANG_CXX_LANGUAGE_STANDARD = "gnu++0x";
				CLANG_CXX_LIBRARY = "libc++";
				CLANG_ENABLE_MODULES = YES;
				CLANG_ENABLE_OBJC_ARC = YES;
				CLANG_WARN_BOOL_CONVERSION = YES;
				CLANG_WARN_CONSTANT_CONVERSION = YES;
				CLANG_WARN_DIRECT_OBJC_ISA_USAGE = YES_ERROR;
				CLANG_WARN_DOCUMENTATION_COMMENTS = YES;
				CLANG_WARN_EMPTY_BODY = YES;
				CLANG_WARN_ENUM_CONVERSION = YES;
				CLANG_WARN_INFINITE_RECURSION = YES;
				CLANG_WARN_INT_CONVERSION = YES;
				CLANG_WARN_OBJC_ROOT_CLASS = YES_ERROR;
				CLANG_WARN_SUSPICIOUS_MOVE = YES;
				CLANG_WARN_UNREACHABLE_CODE = YES;
				CLANG_WARN__DUPLICATE_METHOD_MATCH = YES;
				"CODE_SIGN_IDENTITY[sdk=iphoneos*]" = "iPhone Developer";
				COPY_PHASE_STRIP = NO;
				DEBUG_INFORMATION_FORMAT = "dwarf-with-dsym";
				ENABLE_NS_ASSERTIONS = NO;
				ENABLE_STRICT_OBJC_MSGSEND = YES;
				GCC_C_LANGUAGE_STANDARD = gnu99;
				GCC_NO_COMMON_BLOCKS = YES;
				GCC_WARN_64_TO_32_BIT_CONVERSION = YES;
				GCC_WARN_ABOUT_RETURN_TYPE = YES_ERROR;
				GCC_WARN_UNDECLARED_SELECTOR = YES;
				GCC_WARN_UNINITIALIZED_AUTOS = YES_AGGRESSIVE;
				GCC_WARN_UNUSED_FUNCTION = YES;
				GCC_WARN_UNUSED_VARIABLE = YES;
				IPHONEOS_DEPLOYMENT_TARGET = 10.3;
				MTL_ENABLE_DEBUG_INFO = NO;
				SDKROOT = iphoneos;
				TARGETED_DEVICE_FAMILY = "1,2";
				VALIDATE_PRODUCT = YES;
			};
			name = Release;
		};
		350D7CE61F21A6D600CE352D /* Debug */ = {
			isa = XCBuildConfiguration;
			baseConfigurationReference = 4BF348EA08CB39F0F0AEEE34 /* Pods-WPFMenuControllerDemo.debug.xcconfig */;
			buildSettings = {
				ASSETCATALOG_COMPILER_APPICON_NAME = AppIcon;
				INFOPLIST_FILE = WPFMenuControllerDemo/Info.plist;
				LD_RUNPATH_SEARCH_PATHS = "$(inherited) @executable_path/Frameworks";
				PRODUCT_BUNDLE_IDENTIFIER = com.wpf.apple.WPFMenuControllerDemo;
				PRODUCT_NAME = "$(TARGET_NAME)";
			};
			name = Debug;
		};
		350D7CE71F21A6D600CE352D /* Release */ = {
			isa = XCBuildConfiguration;
			baseConfigurationReference = D6465403F5D0A2D96E7FAD2D /* Pods-WPFMenuControllerDemo.release.xcconfig */;
			buildSettings = {
				ASSETCATALOG_COMPILER_APPICON_NAME = AppIcon;
				INFOPLIST_FILE = WPFMenuControllerDemo/Info.plist;
				LD_RUNPATH_SEARCH_PATHS = "$(inherited) @executable_path/Frameworks";
				PRODUCT_BUNDLE_IDENTIFIER = com.wpf.apple.WPFMenuControllerDemo;
				PRODUCT_NAME = "$(TARGET_NAME)";
			};
			name = Release;
		};
		350D7CE91F21A6D600CE352D /* Debug */ = {
			isa = XCBuildConfiguration;
			buildSettings = {
				BUNDLE_LOADER = "$(TEST_HOST)";
				INFOPLIST_FILE = WPFMenuControllerDemoTests/Info.plist;
				LD_RUNPATH_SEARCH_PATHS = "$(inherited) @executable_path/Frameworks @loader_path/Frameworks";
				PRODUCT_BUNDLE_IDENTIFIER = com.wpf.apple.WPFMenuControllerDemoTests;
				PRODUCT_NAME = "$(TARGET_NAME)";
				TEST_HOST = "$(BUILT_PRODUCTS_DIR)/WPFMenuControllerDemo.app/WPFMenuControllerDemo";
			};
			name = Debug;
		};
		350D7CEA1F21A6D600CE352D /* Release */ = {
			isa = XCBuildConfiguration;
			buildSettings = {
				BUNDLE_LOADER = "$(TEST_HOST)";
				INFOPLIST_FILE = WPFMenuControllerDemoTests/Info.plist;
				LD_RUNPATH_SEARCH_PATHS = "$(inherited) @executable_path/Frameworks @loader_path/Frameworks";
				PRODUCT_BUNDLE_IDENTIFIER = com.wpf.apple.WPFMenuControllerDemoTests;
				PRODUCT_NAME = "$(TARGET_NAME)";
				TEST_HOST = "$(BUILT_PRODUCTS_DIR)/WPFMenuControllerDemo.app/WPFMenuControllerDemo";
			};
			name = Release;
		};
		350D7CEC1F21A6D600CE352D /* Debug */ = {
			isa = XCBuildConfiguration;
			buildSettings = {
				INFOPLIST_FILE = WPFMenuControllerDemoUITests/Info.plist;
				LD_RUNPATH_SEARCH_PATHS = "$(inherited) @executable_path/Frameworks @loader_path/Frameworks";
				PRODUCT_BUNDLE_IDENTIFIER = com.wpf.apple.WPFMenuControllerDemoUITests;
				PRODUCT_NAME = "$(TARGET_NAME)";
				TEST_TARGET_NAME = WPFMenuControllerDemo;
			};
			name = Debug;
		};
		350D7CED1F21A6D600CE352D /* Release */ = {
			isa = XCBuildConfiguration;
			buildSettings = {
				INFOPLIST_FILE = WPFMenuControllerDemoUITests/Info.plist;
				LD_RUNPATH_SEARCH_PATHS = "$(inherited) @executable_path/Frameworks @loader_path/Frameworks";
				PRODUCT_BUNDLE_IDENTIFIER = com.wpf.apple.WPFMenuControllerDemoUITests;
				PRODUCT_NAME = "$(TARGET_NAME)";
				TEST_TARGET_NAME = WPFMenuControllerDemo;
			};
			name = Release;
		};
/* End XCBuildConfiguration section */

/* Begin XCConfigurationList section */
		350D7CB31F21A6D500CE352D /* Build configuration list for PBXProject "WPFMenuControllerDemo" */ = {
			isa = XCConfigurationList;
			buildConfigurations = (
				350D7CE31F21A6D600CE352D /* Debug */,
				350D7CE41F21A6D600CE352D /* Release */,
			);
			defaultConfigurationIsVisible = 0;
			defaultConfigurationName = Release;
		};
		350D7CE51F21A6D600CE352D /* Build configuration list for PBXNativeTarget "WPFMenuControllerDemo" */ = {
			isa = XCConfigurationList;
			buildConfigurations = (
				350D7CE61F21A6D600CE352D /* Debug */,
				350D7CE71F21A6D600CE352D /* Release */,
			);
			defaultConfigurationIsVisible = 0;
			defaultConfigurationName = Release;
		};
		350D7CE81F21A6D600CE352D /* Build configuration list for PBXNativeTarget "WPFMenuControllerDemoTests" */ = {
			isa = XCConfigurationList;
			buildConfigurations = (
				350D7CE91F21A6D600CE352D /* Debug */,
				350D7CEA1F21A6D600CE352D /* Release */,
			);
			defaultConfigurationIsVisible = 0;
			defaultConfigurationName = Release;
		};
		350D7CEB1F21A6D600CE352D /* Build configuration list for PBXNativeTarget "WPFMenuControllerDemoUITests" */ = {
			isa = XCConfigurationList;
			buildConfigurations = (
				350D7CEC1F21A6D600CE352D /* Debug */,
				350D7CED1F21A6D600CE352D /* Release */,
			);
			defaultConfigurationIsVisible = 0;
			defaultConfigurationName = Release;
		};
/* End XCConfigurationList section */
	};
	rootObject = 350D7CB01F21A6D500CE352D /* Project object */;
}
